
Microsoft Visual Studio Solution File, Format Version 12.00
# Visual Studio Version 17
VisualStudioVersion = 17.0.31903.59
MinimumVisualStudioVersion = 10.0.40219.1
Project("{FAE04EC0-301F-11D3-BF4B-00C04F79EFBC}") = "backendservices", "backendservices\backendservices.csproj", "{8CFBBAA7-3472-4D75-910A-1AB264763A11}"
EndProject
Project("{FAE04EC0-301F-11D3-BF4B-00C04F79EFBC}") = "workhelpers", "workhelpers\workhelpers.csproj", "{FE1D3EFD-2F4E-43E0-8803-548AE304446C}"
EndProject
Project("{FAE04EC0-301F-11D3-BF4B-00C04F79EFBC}") = "anotherbackendservice", "anotherbackendservice\anotherbackendservice.csproj", "{9FDDBCFF-F94E-49E7-8D94-C8748E9ADFB3}"
EndProject
Global
	GlobalSection(SolutionConfigurationPlatforms) = preSolution
		Debug|Any CPU = Debug|Any CPU
		Debug|x64 = Debug|x64
		Debug|x86 = Debug|x86
		Release|Any CPU = Release|Any CPU
		Release|x64 = Release|x64
		Release|x86 = Release|x86
	EndGlobalSection
	GlobalSection(ProjectConfigurationPlatforms) = postSolution
		{8CFBBAA7-3472-4D75-910A-1AB264763A11}.Debug|Any CPU.ActiveCfg = Debug|Any CPU
		{8CFBBAA7-3472-4D75-910A-1AB264763A11}.Debug|Any CPU.Build.0 = Debug|Any CPU
		{8CFBBAA7-3472-4D75-910A-1AB264763A11}.Debug|x64.ActiveCfg = Debug|Any CPU
		{8CFBBAA7-3472-4D75-910A-1AB264763A11}.Debug|x64.Build.0 = Debug|Any CPU
		{8CFBBAA7-3472-4D75-910A-1AB264763A11}.Debug|x86.ActiveCfg = Debug|Any CPU
		{8CFBBAA7-3472-4D75-910A-1AB264763A11}.Debug|x86.Build.0 = Debug|Any CPU
		{8CFBBAA7-3472-4D75-910A-1AB264763A11}.Release|Any CPU.ActiveCfg = Release|Any CPU
		{8CFBBAA7-3472-4D75-910A-1AB264763A11}.Release|Any CPU.Build.0 = Release|Any CPU
		{8CFBBAA7-3472-4D75-910A-1AB264763A11}.Release|x64.ActiveCfg = Release|Any CPU
		{8CFBBAA7-3472-4D75-910A-1AB264763A11}.Release|x64.Build.0 = Release|Any CPU
		{8CFBBAA7-3472-4D75-910A-1AB264763A11}.Release|x86.ActiveCfg = Release|Any CPU
		{8CFBBAA7-3472-4D75-910A-1AB264763A11}.Release|x86.Build.0 = Release|Any CPU
		{FE1D3EFD-2F4E-43E0-8803-548AE304446C}.Debug|Any CPU.ActiveCfg = Debug|Any CPU
		{FE1D3EFD-2F4E-43E0-8803-548AE304446C}.Debug|Any CPU.Build.0 = Debug|Any CPU
		{FE1D3EFD-2F4E-43E0-8803-548AE304446C}.Debug|x64.ActiveCfg = Debug|Any CPU
		{FE1D3EFD-2F4E-43E0-8803-548AE304446C}.Debug|x64.Build.0 = Debug|Any CPU
		{FE1D3EFD-2F4E-43E0-8803-548AE304446C}.Debug|x86.ActiveCfg = Debug|Any CPU
		{FE1D3EFD-2F4E-43E0-8803-548AE304446C}.Debug|x86.Build.0 = Debug|Any CPU
		{FE1D3EFD-2F4E-43E0-8803-548AE304446C}.Release|Any CPU.ActiveCfg = Release|Any CPU
		{FE1D3EFD-2F4E-43E0-8803-548AE304446C}.Release|Any CPU.Build.0 = Release|Any CPU
		{FE1D3EFD-2F4E-43E0-8803-548AE304446C}.Release|x64.ActiveCfg = Release|Any CPU
		{FE1D3EFD-2F4E-43E0-8803-548AE304446C}.Release|x64.Build.0 = Release|Any CPU
		{FE1D3EFD-2F4E-43E0-8803-548AE304446C}.Release|x86.ActiveCfg = Release|Any CPU
		{FE1D3EFD-2F4E-43E0-8803-548AE304446C}.Release|x86.Build.0 = Release|Any CPU
		{9FDDBCFF-F94E-49E7-8D94-C8748E9ADFB3}.Debug|Any CPU.ActiveCfg = Debug|Any CPU
		{9FDDBCFF-F94E-49E7-8D94-C8748E9ADFB3}.Debug|Any CPU.Build.0 = Debug|Any CPU
		{9FDDBCFF-F94E-49E7-8D94-C8748E9ADFB3}.Debug|x64.ActiveCfg = Debug|Any CPU
		{9FDDBCFF-F94E-49E7-8D94-C8748E9ADFB3}.Debug|x64.Build.0 = Debug|Any CPU
		{9FDDBCFF-F94E-49E7-8D94-C8748E9ADFB3}.Debug|x86.ActiveCfg = Debug|Any CPU
		{9FDDBCFF-F94E-49E7-8D94-C8748E9ADFB3}.Debug|x86.Build.0 = Debug|Any CPU
		{9FDDBCFF-F94E-49E7-8D94-C8748E9ADFB3}.Release|Any CPU.ActiveCfg = Release|Any CPU
		{9FDDBCFF-F94E-49E7-8D94-C8748E9ADFB3}.Release|Any CPU.Build.0 = Release|Any CPU
		{9FDDBCFF-F94E-49E7-8D94-C8748E9ADFB3}.Release|x64.ActiveCfg = Release|Any CPU
		{9FDDBCFF-F94E-49E7-8D94-C8748E9ADFB3}.Release|x64.Build.0 = Release|Any CPU
		{9FDDBCFF-F94E-49E7-8D94-C8748E9ADFB3}.Release|x86.ActiveCfg = Release|Any CPU
		{9FDDBCFF-F94E-49E7-8D94-C8748E9ADFB3}.Release|x86.Build.0 = Release|Any CPU
	EndGlobalSection
	GlobalSection(SolutionProperties) = preSolution
		HideSolutionNode = FALSE
	EndGlobalSection
EndGlobal
